{
  "lib/dss-allocator": {
    "rev": "6e99d87374cff66e93fe44c55d4ed240dac1c3dc"
  },
  "lib/forge-std": {
    "rev": "3353993420c6e488a2914ce02d88174e80ad80f8"
  },
  "lib/grove-address-registry": {
    "rev": "153389ae03417b7a6e15d13618e2d6968c20311e"
  },
  "lib/grove-alm-controller": {
    "rev": "2c6e3d4297d5f244894d05f3dbbe47bcada34712"
  },
  "lib/grove-gov-relay": {
    "rev": "f314e2480204f4ab897ba757886b7af45d61b746"
  },
  "lib/spark-address-registry": {
    "rev": "4a25913fc1f48e80ee7c5987aaa98d0e7812e611"
  },
  "lib/xchain-helpers": {
    "rev": "53f6ced11ae4828e7bd55ba7a6a713c97f2b19c4"
  }
}
