{
  "lib/dss-allocator": {
    "rev": "6e99d87374cff66e93fe44c55d4ed240dac1c3dc"
  },
  "lib/forge-std": {
    "rev": "3353993420c6e488a2914ce02d88174e80ad80f8"
  },
  "lib/grove-address-registry": {
    "rev": "ca0351644f9ba52c7d90a6183042617ff8b75579"
  },
  "lib/grove-alm-controller": {
    "rev": "2c6e3d4297d5f244894d05f3dbbe47bcada34712"
  },
  "lib/grove-gov-relay": {
    "rev": "f314e2480204f4ab897ba757886b7af45d61b746"
  },
  "lib/spark-address-registry": {
    "rev": "d3247083428eb9f7ebe797fd47758463401d1c26"
  },
  "lib/xchain-helpers": {
    "rev": "53f6ced11ae4828e7bd55ba7a6a713c97f2b19c4"
  }
}